// !$*UTF8*$!
{
	archiveVersion = 1;
	classes = {
	};
	objectVersion = 46;
	objects = {

/* Begin PBXBuildFile section */
		74FDD20D1BCE688A008E4B6E /* AppDelegate.swift in Sources */ = {isa = PBXBuildFile; fileRef = 74FDD20C1BCE688A008E4B6E /* AppDelegate.swift */; };
		74FDD20F1BCE688A008E4B6E /* ViewController.swift in Sources */ = {isa = PBXBuildFile; fileRef = 74FDD20E1BCE688A008E4B6E /* ViewController.swift */; };
		74FDD2121BCE688A008E4B6E /* Main.storyboard in Resources */ = {isa = PBXBuildFile; fileRef = 74FDD2101BCE688A008E4B6E /* Main.storyboard */; };
		74FDD2141BCE688B008E4B6E /* Assets.xcassets in Resources */ = {isa = PBXBuildFile; fileRef = 74FDD2131BCE688B008E4B6E /* Assets.xcassets */; };
		74FDD2171BCE688B008E4B6E /* LaunchScreen.storyboard in Resources */ = {isa = PBXBuildFile; fileRef = 74FDD2151BCE688B008E4B6E /* LaunchScreen.storyboard */; };
		74FDD21F1BCE689A008E4B6E /* MapKit.framework in Frameworks */ = {isa = PBXBuildFile; fileRef = 74FDD21E1BCE689A008E4B6E /* MapKit.framework */; };
		74FDD2211BCE68A4008E4B6E /* CoreLocation.framework in Frameworks */ = {isa = PBXBuildFile; fileRef = 74FDD2201BCE68A4008E4B6E /* CoreLocation.framework */; };
/* End PBXBuildFile section */

/* Begin PBXFileReference section */
		74FDD2091BCE688A008E4B6E /* TestSearchMap.app */ = {isa = PBXFileReference; explicitFileType = wrapper.application; includeInIndex = 0; path = TestSearchMap.app; sourceTree = BUILT_PRODUCTS_DIR; };
		74FDD20C1BCE688A008E4B6E /* AppDelegate.swift */ = {isa = PBXFileReference; lastKnownFileType = sourcecode.swift; path = AppDelegate.swift; sourceTree = "<group>"; };
		74FDD20E1BCE688A008E4B6E /* ViewController.swift */ = {isa = PBXFileReference; lastKnownFileType = sourcecode.swift; path = ViewController.swift; sourceTree = "<group>"; };
		74FDD2111BCE688A008E4B6E /* Base */ = {isa = PBXFileReference; lastKnownFileType = file.storyboard; name = Base; path = Base.lproj/Main.storyboard; sourceTree = "<group>"; };
		74FDD2131BCE688B008E4B6E /* Assets.xcassets */ = {isa = PBXFileReference; lastKnownFileType = folder.assetcatalog; path = Assets.xcassets; sourceTree = "<group>"; };
		74FDD2161BCE688B008E4B6E /* Base */ = {isa = PBXFileReference; lastKnownFileType = file.storyboard; name = Base; path = Base.lproj/LaunchScreen.storyboard; sourceTree = "<group>"; };
		74FDD2181BCE688B008E4B6E /* Info.plist */ = {isa = PBXFileReference; lastKnownFileType = text.plist.xml; path = Info.plist; sourceTree = "<group>"; };
		74FDD21E1BCE689A008E4B6E /* MapKit.framework */ = {isa = PBXFileReference; lastKnownFileType = wrapper.framework; name = MapKit.framework; path = System/Library/Frameworks/MapKit.framework; sourceTree = SDKROOT; };
		74FDD2201BCE68A4008E4B6E /* CoreLocation.framework */ = {isa = PBXFileReference; lastKnownFileType = wrapper.framework; name = CoreLocation.framework; path = System/Library/Frameworks/CoreLocation.framework; sourceTree = SDKROOT; };
/* End PBXFileReference section */

/* Begin PBXFrameworksBuildPhase section */
		74FDD2061BCE688A008E4B6E /* Frameworks */ = {
			isa = PBXFrameworksBuildPhase;
			buildActionMask = 2147483647;
			files = (
				74FDD2211BCE68A4008E4B6E /* CoreLocation.framework in Frameworks */,
				74FDD21F1BCE689A008E4B6E /* MapKit.framework in Frameworks */,
			);
			runOnlyForDeploymentPostprocessing = 0;
		};
/* End PBXFrameworksBuildPhase section */

/* Begin PBXGroup section */
		74FDD2001BCE688A008E4B6E = {
			isa = PBXGroup;
			children = (
				74FDD2201BCE68A4008E4B6E /* CoreLocation.framework */,
				74FDD21E1BCE689A008E4B6E /* MapKit.framework */,
				74FDD20B1BCE688A008E4B6E /* TestSearchMap */,
				74FDD20A1BCE688A008E4B6E /* Products */,
			);
			sourceTree = "<group>";
		};
		74FDD20A1BCE688A008E4B6E /* Products */ = {
			isa = PBXGroup;
			children = (
				74FDD2091BCE688A008E4B6E /* TestSearchMap.app */,
			);
			name = Products;
			sourceTree = "<group>";
		};
		74FDD20B1BCE688A008E4B6E /* TestSearchMap */ = {
			isa = PBXGroup;
			children = (
				74FDD20C1BCE688A008E4B6E /* AppDelegate.swift */,
				74FDD20E1BCE688A008E4B6E /* ViewController.swift */,
				74FDD2101BCE688A008E4B6E /* Main.storyboard */,
				74FDD2131BCE688B008E4B6E /* Assets.xcassets */,
				74FDD2151BCE688B008E4B6E /* LaunchScreen.storyboard */,
				74FDD2181BCE688B008E4B6E /* Info.plist */,
			);
			path = TestSearchMap;
			sourceTree = "<group>";
		};
/* End PBXGroup section */

/* Begin PBXNativeTarget section */
		74FDD2081BCE688A008E4B6E /* TestSearchMap */ = {
			isa = PBXNativeTarget;
			buildConfigurationList = 74FDD21B1BCE688B008E4B6E /* Build configuration list for PBXNativeTarget "TestSearchMap" */;
			buildPhases = (
				74FDD2051BCE688A008E4B6E /* Sources */,
				74FDD2061BCE688A008E4B6E /* Frameworks */,
				74FDD2071BCE688A008E4B6E /* Resources */,
			);
			buildRules = (
			);
			dependencies = (
			);
			name = TestSearchMap;
			productName = TestSearchMap;
			productReference = 74FDD2091BCE688A008E4B6E /* TestSearchMap.app */;
			productType = "com.apple.product-type.application";
		};
/* End PBXNativeTarget section */

/* Begin PBXProject section */
		74FDD2011BCE688A008E4B6E /* Project object */ = {
			isa = PBXProject;
			attributes = {
				LastUpgradeCheck = 0700;
				ORGANIZATIONNAME = im.qhf;
				TargetAttributes = {
					74FDD2081BCE688A008E4B6E = {
						CreatedOnToolsVersion = 7.0;
					};
				};
			};
			buildConfigurationList = 74FDD2041BCE688A008E4B6E /* Build configuration list for PBXProject "TestSearchMap" */;
			compatibilityVersion = "Xcode 3.2";
			developmentRegion = English;
			hasScannedForEncodings = 0;
			knownRegions = (
				en,
				Base,
			);
			mainGroup = 74FDD2001BCE688A008E4B6E;
			productRefGroup = 74FDD20A1BCE688A008E4B6E /* Products */;
			projectDirPath = "";
			projectRoot = "";
			targets = (
				74FDD2081BCE688A008E4B6E /* TestSearchMap */,
			);
		};
/* End PBXProject section */

/* Begin PBXResourcesBuildPhase section */
		74FDD2071BCE688A008E4B6E /* Resources */ = {
			isa = PBXResourcesBuildPhase;
			buildActionMask = 2147483647;
			files = (
				74FDD2171BCE688B008E4B6E /* LaunchScreen.storyboard in Resources */,
				74FDD2141BCE688B008E4B6E /* Assets.xcassets in Resources */,
				74FDD2121BCE688A008E4B6E /* Main.storyboard in Resources */,
			);
			runOnlyForDeploymentPostprocessing = 0;
		};
/* End PBXResourcesBuildPhase section */

/* Begin PBXSourcesBuildPhase section */
		74FDD2051BCE688A008E4B6E /* Sources */ = {
			isa = PBXSourcesBuildPhase;
			buildActionMask = 2147483647;
			files = (
				74FDD20F1BCE688A008E4B6E /* ViewController.swift in Sources */,
				74FDD20D1BCE688A008E4B6E /* AppDelegate.swift in Sources */,
			);
			runOnlyForDeploymentPostprocessing = 0;
		};
/* End PBXSourcesBuildPhase section */

/* Begin PBXVariantGroup section */
		74FDD2101BCE688A008E4B6E /* Main.storyboard */ = {
			isa = PBXVariantGroup;
			children = (
				74FDD2111BCE688A008E4B6E /* Base */,
			);
			name = Main.storyboard;
			sourceTree = "<group>";
		};
		74FDD2151BCE688B008E4B6E /* LaunchScreen.storyboard */ = {
			isa = PBXVariantGroup;
			children = (
				74FDD2161BCE688B008E4B6E /* Base */,
			);
			name = LaunchScreen.storyboard;
			sourceTree = "<group>";
		};
/* End PBXVariantGroup section */

/* Begin XCBuildConfiguration section */
		74FDD2191BCE688B008E4B6E /* Debug */ = {
			isa = XCBuildConfiguration;
			buildSettings = {
				ALWAYS_SEARCH_USER_PATHS = NO;
				CLANG_CXX_LANGUAGE_STANDARD = "gnu++0x";
				CLANG_CXX_LIBRARY = "libc++";
				CLANG_ENABLE_MODULES = YES;
				CLANG_ENABLE_OBJC_ARC = YES;
				CLANG_WARN_BOOL_CONVERSION = YES;
				CLANG_WARN_CONSTANT_CONVERSION = YES;
				CLANG_WARN_DIRECT_OBJC_ISA_USAGE = YES_ERROR;
				CLANG_WARN_EMPTY_BODY = YES;
				CLANG_WARN_ENUM_CONVERSION = YES;
				CLANG_WARN_INT_CONVERSION = YES;
				CLANG_WARN_OBJC_ROOT_CLASS = YES_ERROR;
				CLANG_WARN_UNREACHABLE_CODE = YES;
				CLANG_WARN__DUPLICATE_METHOD_MATCH = YES;
				"CODE_SIGN_IDENTITY[sdk=iphoneos*]" = "iPhone Developer";
				COPY_PHASE_STRIP = NO;
				DEBUG_INFORMATION_FORMAT = dwarf;
				ENABLE_STRICT_OBJC_MSGSEND = YES;
				ENABLE_TESTABILITY = YES;
				GCC_C_LANGUAGE_STANDARD = gnu99;
				GCC_DYNAMIC_NO_PIC = NO;
				GCC_NO_COMMON_BLOCKS = YES;
				GCC_OPTIMIZATION_LEVEL = 0;
				GCC_PREPROCESSOR_DEFINITIONS = (
					"DEBUG=1",
					"$(inherited)",
				);
				GCC_WARN_64_TO_32_BIT_CONVERSION = YES;
				GCC_WARN_ABOUT_RETURN_TYPE = YES_ERROR;
				GCC_WARN_UNDECLARED_SELECTOR = YES;
				GCC_WARN_UNINITIALIZED_AUTOS = YES_AGGRESSIVE;
				GCC_WARN_UNUSED_FUNCTION = YES;
				GCC_WARN_UNUSED_VARIABLE = YES;
				IPHONEOS_DEPLOYMENT_TARGET = 9.0;
				MTL_ENABLE_DEBUG_INFO = YES;
				ONLY_ACTIVE_ARCH = YES;
				SDKROOT = iphoneos;
				SWIFT_OPTIMIZATION_LEVEL = "-Onone";
				TARGETED_DEVICE_FAMILY = 2;
			};
			name = Debug;
		};
		74FDD21A1BCE688B008E4B6E /* Release */ = {
			isa = XCBuildConfiguration;
			buildSettings = {
				ALWAYS_SEARCH_USER_PATHS = NO;
				CLANG_CXX_LANGUAGE_STANDARD = "gnu++0x";
				CLANG_CXX_LIBRARY = "libc++";
				CLANG_ENABLE_MODULES = YES;
				CLANG_ENABLE_OBJC_ARC = YES;
				CLANG_WARN_BOOL_CONVERSION = YES;
				CLANG_WARN_CONSTANT_CONVERSION = YES;
				CLANG_WARN_DIRECT_OBJC_ISA_USAGE = YES_ERROR;
				CLANG_WARN_EMPTY_BODY = YES;
				CLANG_WARN_ENUM_CONVERSION = YES;
				CLANG_WARN_INT_CONVERSION = YES;
				CLANG_WARN_OBJC_ROOT_CLASS = YES_ERROR;
				CLANG_WARN_UNREACHABLE_CODE = YES;
				CLANG_WARN__DUPLICATE_METHOD_MATCH = YES;
				"CODE_SIGN_IDENTITY[sdk=iphoneos*]" = "iPhone Developer";
				COPY_PHASE_STRIP = NO;
				DEBUG_INFORMATION_FORMAT = "dwarf-with-dsym";
				ENABLE_NS_ASSERTIONS = NO;
				ENABLE_STRICT_OBJC_MSGSEND = YES;
				GCC_C_LANGUAGE_STANDARD = gnu99;
				GCC_NO_COMMON_BLOCKS = YES;
				GCC_WARN_64_TO_32_BIT_CONVERSION = YES;
				GCC_WARN_ABOUT_RETURN_TYPE = YES_ERROR;
				GCC_WARN_UNDECLARED_SELECTOR = YES;
				GCC_WARN_UNINITIALIZED_AUTOS = YES_AGGRESSIVE;
				GCC_WARN_UNUSED_FUNCTION = YES;
				GCC_WARN_UNUSED_VARIABLE = YES;
				IPHONEOS_DEPLOYMENT_TARGET = 9.0;
				MTL_ENABLE_DEBUG_INFO = NO;
				SDKROOT = iphoneos;
				TARGETED_DEVICE_FAMILY = 2;
				VALIDATE_PRODUCT = YES;
			};
			name = Release;
		};
		74FDD21C1BCE688B008E4B6E /* Debug */ = {
			isa = XCBuildConfiguration;
			buildSettings = {
				ASSETCATALOG_COMPILER_APPICON_NAME = AppIcon;
				INFOPLIST_FILE = TestSearchMap/Info.plist;
				LD_RUNPATH_SEARCH_PATHS = "$(inherited) @executable_path/Frameworks";
				PRODUCT_BUNDLE_IDENTIFIER = im.qhf.TestSearchMap;
				PRODUCT_NAME = "$(TARGET_NAME)";
				TARGETED_DEVICE_FAMILY = 1;
			};
			name = Debug;
		};
		74FDD21D1BCE688B008E4B6E /* Release */ = {
			isa = XCBuildConfiguration;
			buildSettings = {
				ASSETCATALOG_COMPILER_APPICON_NAME = AppIcon;
				INFOPLIST_FILE = TestSearchMap/Info.plist;
				LD_RUNPATH_SEARCH_PATHS = "$(inherited) @executable_path/Frameworks";
				PRODUCT_BUNDLE_IDENTIFIER = im.qhf.TestSearchMap;
				PRODUCT_NAME = "$(TARGET_NAME)";
				TARGETED_DEVICE_FAMILY = 1;
			};
			name = Release;
		};
/* End XCBuildConfiguration section */

/* Begin XCConfigurationList section */
		74FDD2041BCE688A008E4B6E /* Build configuration list for PBXProject "TestSearchMap" */ = {
			isa = XCConfigurationList;
			buildConfigurations = (
				74FDD2191BCE688B008E4B6E /* Debug */,
				74FDD21A1BCE688B008E4B6E /* Release */,
			);
			defaultConfigurationIsVisible = 0;
			defaultConfigurationName = Release;
		};
		74FDD21B1BCE688B008E4B6E /* Build configuration list for PBXNativeTarget "TestSearchMap" */ = {
			isa = XCConfigurationList;
			buildConfigurations = (
				74FDD21C1BCE688B008E4B6E /* Debug */,
				74FDD21D1BCE688B008E4B6E /* Release */,
			);
			defaultConfigurationIsVisible = 0;
		};
/* End XCConfigurationList section */
	};
	rootObject = 74FDD2011BCE688A008E4B6E /* Project object */;
}
